// !$*UTF8*$!
{
	archiveVersion = 1;
	classes = {
	};
	objectVersion = 46;
	objects = {

/* Begin PBXBuildFile section */
		8C3D35421B290F48006D0FDB /* PinsViewController.swift in Sources */ = {isa = PBXBuildFile; fileRef = 8C3D35411B290F48006D0FDB /* PinsViewController.swift */; };
		8C3D35451B2915C1006D0FDB /* MyProfileViewController.swift in Sources */ = {isa = PBXBuildFile; fileRef = 8C3D35441B2915C1006D0FDB /* MyProfileViewController.swift */; };
		8C3D354B1B2A710B006D0FDB /* icon_user.png in Resources */ = {isa = PBXBuildFile; fileRef = 8C3D354A1B2A710B006D0FDB /* icon_user.png */; };
		8C3D354D1B2A72EB006D0FDB /* icon_socialPlus_v2.png in Resources */ = {isa = PBXBuildFile; fileRef = 8C3D354C1B2A72EB006D0FDB /* icon_socialPlus_v2.png */; };
		9C072A6C1B1FA2310037DCAC /* FollowerRequestCell.swift in Sources */ = {isa = PBXBuildFile; fileRef = 9C072A6B1B1FA2310037DCAC /* FollowerRequestCell.swift */; };
		9C072A6E1B1FA9C50037DCAC /* ActivityCell.swift in Sources */ = {isa = PBXBuildFile; fileRef = 9C072A6D1B1FA9C50037DCAC /* ActivityCell.swift */; };
		9C072A701B20BD430037DCAC /* FeedPostCell.swift in Sources */ = {isa = PBXBuildFile; fileRef = 9C072A6F1B20BD430037DCAC /* FeedPostCell.swift */; };
		9C072A721B20C10E0037DCAC /* FeedListViewController.swift in Sources */ = {isa = PBXBuildFile; fileRef = 9C072A711B20C10E0037DCAC /* FeedListViewController.swift */; };
		9C072A741B20DF530037DCAC /* icon_freshPaint.png in Resources */ = {isa = PBXBuildFile; fileRef = 9C072A731B20DF530037DCAC /* icon_freshPaint.png */; };
		9C072A781B20E0D80037DCAC /* icon_comment.png in Resources */ = {isa = PBXBuildFile; fileRef = 9C072A771B20E0D80037DCAC /* icon_comment.png */; };
		9C072A7A1B20E1550037DCAC /* icon_pin.png in Resources */ = {isa = PBXBuildFile; fileRef = 9C072A791B20E1550037DCAC /* icon_pin.png */; };
		9C072A7C1B20E22C0037DCAC /* icon_dots.png in Resources */ = {isa = PBXBuildFile; fileRef = 9C072A7B1B20E22C0037DCAC /* icon_dots.png */; };
		9C072A7E1B20E4090037DCAC /* profileHeader.png in Resources */ = {isa = PBXBuildFile; fileRef = 9C072A7D1B20E4090037DCAC /* profileHeader.png */; };
		9C072A801B20E4500037DCAC /* EditProfileViewController.swift in Sources */ = {isa = PBXBuildFile; fileRef = 9C072A7F1B20E4500037DCAC /* EditProfileViewController.swift */; };
		9C072A821B20E6290037DCAC /* icon_accept.png in Resources */ = {isa = PBXBuildFile; fileRef = 9C072A811B20E6290037DCAC /* icon_accept.png */; };
		9C072A841B20E6740037DCAC /* icon_reject.png in Resources */ = {isa = PBXBuildFile; fileRef = 9C072A831B20E6740037DCAC /* icon_reject.png */; };
		9C079A9B1B27A4EB004F0E26 /* LoginWithEmailViewController.swift in Sources */ = {isa = PBXBuildFile; fileRef = 9C079A9A1B27A4EB004F0E26 /* LoginWithEmailViewController.swift */; };
		9C079A9D1B27A790004F0E26 /* icon_back.png in Resources */ = {isa = PBXBuildFile; fileRef = 9C079A9C1B27A790004F0E26 /* icon_back.png */; };
		9C079AA81B28AE7A004F0E26 /* SWRevealViewController.m in Sources */ = {isa = PBXBuildFile; fileRef = 9C079AA71B28AE7A004F0E26 /* SWRevealViewController.m */; };
		9C079AAB1B28B534004F0E26 /* SearchViewController.swift in Sources */ = {isa = PBXBuildFile; fileRef = 9C079AAA1B28B534004F0E26 /* SearchViewController.swift */; };
		9C079AAD1B28C6BA004F0E26 /* SocialPlus-logo_white_hamburger.png in Resources */ = {isa = PBXBuildFile; fileRef = 9C079AAC1B28C6BA004F0E26 /* SocialPlus-logo_white_hamburger.png */; };
		9C2C77411B1D0F3E009673FC /* CreateAccountViewController.swift in Sources */ = {isa = PBXBuildFile; fileRef = 9C2C77401B1D0F3E009673FC /* CreateAccountViewController.swift */; };
		9C3C98071B20FE3700ECD57C /* icon_edit.png in Resources */ = {isa = PBXBuildFile; fileRef = 9C3C98061B20FE3700ECD57C /* icon_edit.png */; };
		9C3C980B1B2126B500ECD57C /* galleryTest1.png in Resources */ = {isa = PBXBuildFile; fileRef = 9C3C98081B2126B500ECD57C /* galleryTest1.png */; };
		9C3C980C1B2126B500ECD57C /* galleryTest2.png in Resources */ = {isa = PBXBuildFile; fileRef = 9C3C98091B2126B500ECD57C /* galleryTest2.png */; };
		9C3C980D1B2126B500ECD57C /* galleryTest3.png in Resources */ = {isa = PBXBuildFile; fileRef = 9C3C980A1B2126B500ECD57C /* galleryTest3.png */; };
		9C3C980F1B2126FD00ECD57C /* PopularGalleryViewController.swift in Sources */ = {isa = PBXBuildFile; fileRef = 9C3C980E1B2126FD00ECD57C /* PopularGalleryViewController.swift */; };
		9C3C98111B21333200ECD57C /* GalleryCell.swift in Sources */ = {isa = PBXBuildFile; fileRef = 9C3C98101B21333200ECD57C /* GalleryCell.swift */; };
		9C3C981C1B213A5C00ECD57C /* galleryTest4.png in Resources */ = {isa = PBXBuildFile; fileRef = 9C3C98121B213A5C00ECD57C /* galleryTest4.png */; };
		9C3C981D1B213A5C00ECD57C /* galleryTest5.png in Resources */ = {isa = PBXBuildFile; fileRef = 9C3C98131B213A5C00ECD57C /* galleryTest5.png */; };
		9C3C981E1B213A5C00ECD57C /* galleryTest6.png in Resources */ = {isa = PBXBuildFile; fileRef = 9C3C98141B213A5C00ECD57C /* galleryTest6.png */; };
		9C3C981F1B213A5C00ECD57C /* galleryTest7.png in Resources */ = {isa = PBXBuildFile; fileRef = 9C3C98151B213A5C00ECD57C /* galleryTest7.png */; };
		9C3C98201B213A5C00ECD57C /* galleryTest8.png in Resources */ = {isa = PBXBuildFile; fileRef = 9C3C98161B213A5C00ECD57C /* galleryTest8.png */; };
		9C3C98211B213A5C00ECD57C /* galleryTest9.png in Resources */ = {isa = PBXBuildFile; fileRef = 9C3C98171B213A5C00ECD57C /* galleryTest9.png */; };
		9C3C98221B213A5C00ECD57C /* galleryTest11.png in Resources */ = {isa = PBXBuildFile; fileRef = 9C3C98181B213A5C00ECD57C /* galleryTest11.png */; };
		9C3C98231B213A5C00ECD57C /* galleryTest12.png in Resources */ = {isa = PBXBuildFile; fileRef = 9C3C98191B213A5C00ECD57C /* galleryTest12.png */; };
		9C3C98241B213A5C00ECD57C /* galleryTest13.png in Resources */ = {isa = PBXBuildFile; fileRef = 9C3C981A1B213A5C00ECD57C /* galleryTest13.png */; };
		9C3C98251B213A5C00ECD57C /* galleryTest14.png in Resources */ = {isa = PBXBuildFile; fileRef = 9C3C981B1B213A5C00ECD57C /* galleryTest14.png */; };
		9C3C98271B21420200ECD57C /* galleryTest10.png in Resources */ = {isa = PBXBuildFile; fileRef = 9C3C98261B21420200ECD57C /* galleryTest10.png */; };
		9C3C98291B214BB700ECD57C /* profileHeader2.png in Resources */ = {isa = PBXBuildFile; fileRef = 9C3C98281B214BB700ECD57C /* profileHeader2.png */; };
		9C3C982B1B214C7500ECD57C /* profileHeader3.png in Resources */ = {isa = PBXBuildFile; fileRef = 9C3C982A1B214C7500ECD57C /* profileHeader3.png */; };
		9C3C982F1B2152E200ECD57C /* NavigationLinkCell.swift in Sources */ = {isa = PBXBuildFile; fileRef = 9C3C982E1B2152E200ECD57C /* NavigationLinkCell.swift */; };
		9C3C98331B21556200ECD57C /* NavHamburgerViewController.swift in Sources */ = {isa = PBXBuildFile; fileRef = 9C3C98321B21556200ECD57C /* NavHamburgerViewController.swift */; };
		9C3C98351B2224ED00ECD57C /* ApplicationCell.swift in Sources */ = {isa = PBXBuildFile; fileRef = 9C3C98341B2224ED00ECD57C /* ApplicationCell.swift */; };
		9C3C98371B2225AA00ECD57C /* icon_designObserver.png in Resources */ = {isa = PBXBuildFile; fileRef = 9C3C98361B2225AA00ECD57C /* icon_designObserver.png */; };
		9C3C98391B22260F00ECD57C /* BlockedApplicationsViewController.swift in Sources */ = {isa = PBXBuildFile; fileRef = 9C3C98381B22260F00ECD57C /* BlockedApplicationsViewController.swift */; };
		9C3C983B1B22292100ECD57C /* BlockedUserCell.swift in Sources */ = {isa = PBXBuildFile; fileRef = 9C3C983A1B22292100ECD57C /* BlockedUserCell.swift */; };
		9C3C983D1B222C8F00ECD57C /* BlockedUsersViewController.swift in Sources */ = {isa = PBXBuildFile; fileRef = 9C3C983C1B222C8F00ECD57C /* BlockedUsersViewController.swift */; };
		9C7007481B1E1CD400FC17B7 /* CreatePostViewController.swift in Sources */ = {isa = PBXBuildFile; fileRef = 9C7007471B1E1CD400FC17B7 /* CreatePostViewController.swift */; };
		9C70074C1B1E3DFC00FC17B7 /* UploadPhotoViewController.swift in Sources */ = {isa = PBXBuildFile; fileRef = 9C70074B1B1E3DFC00FC17B7 /* UploadPhotoViewController.swift */; };
		9C70074E1B1E566900FC17B7 /* FollowersListViewController.swift in Sources */ = {isa = PBXBuildFile; fileRef = 9C70074D1B1E566900FC17B7 /* FollowersListViewController.swift */; };
		9C7007501B1E56B700FC17B7 /* FollowingListViewController.swift in Sources */ = {isa = PBXBuildFile; fileRef = 9C70074F1B1E56B700FC17B7 /* FollowingListViewController.swift */; };
		9C7007521B1E5AE500FC17B7 /* ActivityViewController.swift in Sources */ = {isa = PBXBuildFile; fileRef = 9C7007511B1E5AE500FC17B7 /* ActivityViewController.swift */; };
		9C7007541B1E5D6F00FC17B7 /* FollowerCell.swift in Sources */ = {isa = PBXBuildFile; fileRef = 9C7007531B1E5D6F00FC17B7 /* FollowerCell.swift */; };
		9C8E46B01B4357CD00FE38F3 /* icon_disclosure.png in Resources */ = {isa = PBXBuildFile; fileRef = 9C8E46AF1B4357CD00FE38F3 /* icon_disclosure.png */; };
		9CCBF9081B1937C0008E3A1E /* Panda-shirokuma-cafe-32070511-1280-720.jpg in Resources */ = {isa = PBXBuildFile; fileRef = 9CCBF9071B1937C0008E3A1E /* Panda-shirokuma-cafe-32070511-1280-720.jpg */; };
		9CD51B331B18FC4600D4E66F /* AppDelegate.swift in Sources */ = {isa = PBXBuildFile; fileRef = 9CD51B321B18FC4600D4E66F /* AppDelegate.swift */; };
		9CD51B351B18FC4600D4E66F /* LoginViewController.swift in Sources */ = {isa = PBXBuildFile; fileRef = 9CD51B341B18FC4600D4E66F /* LoginViewController.swift */; };
		9CD51B381B18FC4600D4E66F /* Main.storyboard in Resources */ = {isa = PBXBuildFile; fileRef = 9CD51B361B18FC4600D4E66F /* Main.storyboard */; };
		9CD51B3A1B18FC4600D4E66F /* Images.xcassets in Resources */ = {isa = PBXBuildFile; fileRef = 9CD51B391B18FC4600D4E66F /* Images.xcassets */; };
		9CD51B3D1B18FC4600D4E66F /* LaunchScreen.xib in Resources */ = {isa = PBXBuildFile; fileRef = 9CD51B3B1B18FC4600D4E66F /* LaunchScreen.xib */; };
		9CD51B491B18FC4600D4E66F /* SocialPlusv0Tests.swift in Sources */ = {isa = PBXBuildFile; fileRef = 9CD51B481B18FC4600D4E66F /* SocialPlusv0Tests.swift */; };
		9CD51B851B19105800D4E66F /* Logo.png in Resources */ = {isa = PBXBuildFile; fileRef = 9CD51B841B19105800D4E66F /* Logo.png */; };
		9CD82ED21B45F70D00AA71F4 /* icon_gallery.png in Resources */ = {isa = PBXBuildFile; fileRef = 9CD82ED11B45F70D00AA71F4 /* icon_gallery.png */; };
		9CD82ED41B45F78200AA71F4 /* icon_hamburger.png in Resources */ = {isa = PBXBuildFile; fileRef = 9CD82ED31B45F78200AA71F4 /* icon_hamburger.png */; };
		9CD82ED61B45F81C00AA71F4 /* icon_list.png in Resources */ = {isa = PBXBuildFile; fileRef = 9CD82ED51B45F81C00AA71F4 /* icon_list.png */; };
		9CD82EDB1B45FC1F00AA71F4 /* icon_msft.png in Resources */ = {isa = PBXBuildFile; fileRef = 9CD82ED71B45FC1F00AA71F4 /* icon_msft.png */; };
		9CD82EDC1B45FC1F00AA71F4 /* icon_twitter.png in Resources */ = {isa = PBXBuildFile; fileRef = 9CD82ED81B45FC1F00AA71F4 /* icon_twitter.png */; };
		9CD82EDD1B45FC1F00AA71F4 /* icon_gplus.png in Resources */ = {isa = PBXBuildFile; fileRef = 9CD82ED91B45FC1F00AA71F4 /* icon_gplus.png */; };
		9CD82EDE1B45FC1F00AA71F4 /* icon_fb.png in Resources */ = {isa = PBXBuildFile; fileRef = 9CD82EDA1B45FC1F00AA71F4 /* icon_fb.png */; };
		9CDB7ECE1B45BB0D005B11DD /* NavHamburgerPreSignInViewController.swift in Sources */ = {isa = PBXBuildFile; fileRef = 9CDB7ECD1B45BB0D005B11DD /* NavHamburgerPreSignInViewController.swift */; };
		9CDB7ED01B45E6E0005B11DD /* icon_home.png in Resources */ = {isa = PBXBuildFile; fileRef = 9CDB7ECF1B45E6E0005B11DD /* icon_home.png */; };
		9CDB7ED21B45E6F8005B11DD /* icon_search.png in Resources */ = {isa = PBXBuildFile; fileRef = 9CDB7ED11B45E6F8005B11DD /* icon_search.png */; };
		9CDB7ED41B45E704005B11DD /* icon_popular.png in Resources */ = {isa = PBXBuildFile; fileRef = 9CDB7ED31B45E704005B11DD /* icon_popular.png */; };
		9CDB7ED61B45E712005B11DD /* icon_pins.png in Resources */ = {isa = PBXBuildFile; fileRef = 9CDB7ED51B45E712005B11DD /* icon_pins.png */; };
		9CDB7ED81B45E720005B11DD /* icon_activity.png in Resources */ = {isa = PBXBuildFile; fileRef = 9CDB7ED71B45E720005B11DD /* icon_activity.png */; };
		9CDB7EDA1B45E731005B11DD /* icon_logout.png in Resources */ = {isa = PBXBuildFile; fileRef = 9CDB7ED91B45E731005B11DD /* icon_logout.png */; };
		9CDB7EDC1B45E781005B11DD /* icon_settings.png in Resources */ = {isa = PBXBuildFile; fileRef = 9CDB7EDB1B45E781005B11DD /* icon_settings.png */; };
		9CEE84071B2F4EA500FE4C15 /* icon_gear.png in Resources */ = {isa = PBXBuildFile; fileRef = 9CEE84061B2F4EA500FE4C15 /* icon_gear.png */; };
		9CEE84091B2F538700FE4C15 /* SettingsViewController.swift in Sources */ = {isa = PBXBuildFile; fileRef = 9CEE84081B2F538700FE4C15 /* SettingsViewController.swift */; };
		9CEE840F1B2F75DA00FE4C15 /* PersonToFollowCell.swift in Sources */ = {isa = PBXBuildFile; fileRef = 9CEE840E1B2F75DA00FE4C15 /* PersonToFollowCell.swift */; };
		9CEE84121B2F806B00FE4C15 /* ReportIssueViewController.swift in Sources */ = {isa = PBXBuildFile; fileRef = 9CEE84111B2F806B00FE4C15 /* ReportIssueViewController.swift */; };
		9CEE84141B2F807E00FE4C15 /* SubmitReportViewController.swift in Sources */ = {isa = PBXBuildFile; fileRef = 9CEE84131B2F807E00FE4C15 /* SubmitReportViewController.swift */; };
		9CEE84161B2F839D00FE4C15 /* FeedGalleryViewController.swift in Sources */ = {isa = PBXBuildFile; fileRef = 9CEE84151B2F839D00FE4C15 /* FeedGalleryViewController.swift */; };
		9CEE84181B2F856800FE4C15 /* FeedGalleryCollectionViewCell.swift in Sources */ = {isa = PBXBuildFile; fileRef = 9CEE84171B2F856800FE4C15 /* FeedGalleryCollectionViewCell.swift */; };
		9CEE841A1B2FB84B00FE4C15 /* PostViewController.swift in Sources */ = {isa = PBXBuildFile; fileRef = 9CEE84191B2FB84B00FE4C15 /* PostViewController.swift */; };
		9CEE841C1B2FB9FB00FE4C15 /* CommentTableViewCell.swift in Sources */ = {isa = PBXBuildFile; fileRef = 9CEE841B1B2FB9FB00FE4C15 /* CommentTableViewCell.swift */; };
		9CEE841E1B308D1700FE4C15 /* RepliesViewController.swift in Sources */ = {isa = PBXBuildFile; fileRef = 9CEE841D1B308D1700FE4C15 /* RepliesViewController.swift */; };
		9CEE84201B308DD400FE4C15 /* ReplyCell.swift in Sources */ = {isa = PBXBuildFile; fileRef = 9CEE841F1B308DD400FE4C15 /* ReplyCell.swift */; };
		9CEE84231B30964900FE4C15 /* icon_private.png in Resources */ = {isa = PBXBuildFile; fileRef = 9CEE84221B30964900FE4C15 /* icon_private.png */; };
		9CEE84251B309C4800FE4C15 /* icon_drake.jpg in Resources */ = {isa = PBXBuildFile; fileRef = 9CEE84241B309C4800FE4C15 /* icon_drake.jpg */; };
		9CEE84271B30A26200FE4C15 /* ProfileViewController.swift in Sources */ = {isa = PBXBuildFile; fileRef = 9CEE84261B30A26200FE4C15 /* ProfileViewController.swift */; };
		9CEE842B1B30DEB500FE4C15 /* icon_recentSearch.png in Resources */ = {isa = PBXBuildFile; fileRef = 9CEE842A1B30DEB500FE4C15 /* icon_recentSearch.png */; };
		9CEE842D1B30EC5000FE4C15 /* icon_liked.png in Resources */ = {isa = PBXBuildFile; fileRef = 9CEE842C1B30EC5000FE4C15 /* icon_liked.png */; };
/* End PBXBuildFile section */

/* Begin PBXContainerItemProxy section */
		9CD51B431B18FC4600D4E66F /* PBXContainerItemProxy */ = {
			isa = PBXContainerItemProxy;
			containerPortal = 9CD51B251B18FC4600D4E66F /* Project object */;
			proxyType = 1;
			remoteGlobalIDString = 9CD51B2C1B18FC4600D4E66F;
			remoteInfo = SocialPlusv0;
		};
/* End PBXContainerItemProxy section */

/* Begin PBXFileReference section */
		8C3D35411B290F48006D0FDB /* PinsViewController.swift */ = {isa = PBXFileReference; fileEncoding = 4; lastKnownFileType = sourcecode.swift; path = PinsViewController.swift; sourceTree = "<group>"; };
		8C3D35441B2915C1006D0FDB /* MyProfileViewController.swift */ = {isa = PBXFileReference; fileEncoding = 4; lastKnownFileType = sourcecode.swift; path = MyProfileViewController.swift; sourceTree = "<group>"; };
		8C3D35481B2A5C7B006D0FDB /* QuartzCore.framework */ = {isa = PBXFileReference; lastKnownFileType = wrapper.framework; name = QuartzCore.framework; path = System/Library/Frameworks/QuartzCore.framework; sourceTree = SDKROOT; };
		8C3D354A1B2A710B006D0FDB /* icon_user.png */ = {isa = PBXFileReference; lastKnownFileType = image.png; path = icon_user.png; sourceTree = "<group>"; };
		8C3D354C1B2A72EB006D0FDB /* icon_socialPlus_v2.png */ = {isa = PBXFileReference; lastKnownFileType = image.png; path = icon_socialPlus_v2.png; sourceTree = "<group>"; };
		9C072A6B1B1FA2310037DCAC /* FollowerRequestCell.swift */ = {isa = PBXFileReference; fileEncoding = 4; lastKnownFileType = sourcecode.swift; path = FollowerRequestCell.swift; sourceTree = "<group>"; };
		9C072A6D1B1FA9C50037DCAC /* ActivityCell.swift */ = {isa = PBXFileReference; fileEncoding = 4; lastKnownFileType = sourcecode.swift; path = ActivityCell.swift; sourceTree = "<group>"; };
		9C072A6F1B20BD430037DCAC /* FeedPostCell.swift */ = {isa = PBXFileReference; fileEncoding = 4; lastKnownFileType = sourcecode.swift; path = FeedPostCell.swift; sourceTree = "<group>"; };
		9C072A711B20C10E0037DCAC /* FeedListViewController.swift */ = {isa = PBXFileReference; fileEncoding = 4; lastKnownFileType = sourcecode.swift; path = FeedListViewController.swift; sourceTree = "<group>"; };
		9C072A731B20DF530037DCAC /* icon_freshPaint.png */ = {isa = PBXFileReference; lastKnownFileType = image.png; path = icon_freshPaint.png; sourceTree = "<group>"; };
		9C072A771B20E0D80037DCAC /* icon_comment.png */ = {isa = PBXFileReference; lastKnownFileType = image.png; path = icon_comment.png; sourceTree = "<group>"; };
		9C072A791B20E1550037DCAC /* icon_pin.png */ = {isa = PBXFileReference; lastKnownFileType = image.png; path = icon_pin.png; sourceTree = "<group>"; };
		9C072A7B1B20E22C0037DCAC /* icon_dots.png */ = {isa = PBXFileReference; lastKnownFileType = image.png; path = icon_dots.png; sourceTree = "<group>"; };
		9C072A7D1B20E4090037DCAC /* profileHeader.png */ = {isa = PBXFileReference; lastKnownFileType = image.png; path = profileHeader.png; sourceTree = "<group>"; };
		9C072A7F1B20E4500037DCAC /* EditProfileViewController.swift */ = {isa = PBXFileReference; fileEncoding = 4; lastKnownFileType = sourcecode.swift; path = EditProfileViewController.swift; sourceTree = "<group>"; };
		9C072A811B20E6290037DCAC /* icon_accept.png */ = {isa = PBXFileReference; lastKnownFileType = image.png; path = icon_accept.png; sourceTree = "<group>"; };
		9C072A831B20E6740037DCAC /* icon_reject.png */ = {isa = PBXFileReference; lastKnownFileType = image.png; path = icon_reject.png; sourceTree = "<group>"; };
		9C079A9A1B27A4EB004F0E26 /* LoginWithEmailViewController.swift */ = {isa = PBXFileReference; fileEncoding = 4; lastKnownFileType = sourcecode.swift; path = LoginWithEmailViewController.swift; sourceTree = "<group>"; };
		9C079A9C1B27A790004F0E26 /* icon_back.png */ = {isa = PBXFileReference; lastKnownFileType = image.png; path = icon_back.png; sourceTree = "<group>"; };
		9C079AA51B28AE7A004F0E26 /* SocialPlusv0-Bridging-Header.h */ = {isa = PBXFileReference; lastKnownFileType = sourcecode.c.h; path = "SocialPlusv0-Bridging-Header.h"; sourceTree = "<group>"; };
		9C079AA61B28AE7A004F0E26 /* SWRevealViewController.h */ = {isa = PBXFileReference; fileEncoding = 4; lastKnownFileType = sourcecode.c.h; path = SWRevealViewController.h; sourceTree = "<group>"; };
		9C079AA71B28AE7A004F0E26 /* SWRevealViewController.m */ = {isa = PBXFileReference; fileEncoding = 4; lastKnownFileType = sourcecode.c.objc; path = SWRevealViewController.m; sourceTree = "<group>"; };
		9C079AAA1B28B534004F0E26 /* SearchViewController.swift */ = {isa = PBXFileReference; fileEncoding = 4; lastKnownFileType = sourcecode.swift; path = SearchViewController.swift; sourceTree = "<group>"; };
		9C079AAC1B28C6BA004F0E26 /* SocialPlus-logo_white_hamburger.png */ = {isa = PBXFileReference; lastKnownFileType = image.png; path = "SocialPlus-logo_white_hamburger.png"; sourceTree = "<group>"; };
		9C2C77401B1D0F3E009673FC /* CreateAccountViewController.swift */ = {isa = PBXFileReference; fileEncoding = 4; lastKnownFileType = sourcecode.swift; path = CreateAccountViewController.swift; sourceTree = "<group>"; };
		9C3C98061B20FE3700ECD57C /* icon_edit.png */ = {isa = PBXFileReference; lastKnownFileType = image.png; path = icon_edit.png; sourceTree = "<group>"; };
		9C3C98081B2126B500ECD57C /* galleryTest1.png */ = {isa = PBXFileReference; lastKnownFileType = image.png; path = galleryTest1.png; sourceTree = "<group>"; };
		9C3C98091B2126B500ECD57C /* galleryTest2.png */ = {isa = PBXFileReference; lastKnownFileType = image.png; path = galleryTest2.png; sourceTree = "<group>"; };
		9C3C980A1B2126B500ECD57C /* galleryTest3.png */ = {isa = PBXFileReference; lastKnownFileType = image.png; path = galleryTest3.png; sourceTree = "<group>"; };
		9C3C980E1B2126FD00ECD57C /* PopularGalleryViewController.swift */ = {isa = PBXFileReference; fileEncoding = 4; lastKnownFileType = sourcecode.swift; path = PopularGalleryViewController.swift; sourceTree = "<group>"; };
		9C3C98101B21333200ECD57C /* GalleryCell.swift */ = {isa = PBXFileReference; fileEncoding = 4; lastKnownFileType = sourcecode.swift; path = GalleryCell.swift; sourceTree = "<group>"; };
		9C3C98121B213A5C00ECD57C /* galleryTest4.png */ = {isa = PBXFileReference; lastKnownFileType = image.png; path = galleryTest4.png; sourceTree = "<group>"; };
		9C3C98131B213A5C00ECD57C /* galleryTest5.png */ = {isa = PBXFileReference; lastKnownFileType = image.png; path = galleryTest5.png; sourceTree = "<group>"; };
		9C3C98141B213A5C00ECD57C /* galleryTest6.png */ = {isa = PBXFileReference; lastKnownFileType = image.png; path = galleryTest6.png; sourceTree = "<group>"; };
		9C3C98151B213A5C00ECD57C /* galleryTest7.png */ = {isa = PBXFileReference; lastKnownFileType = image.png; path = galleryTest7.png; sourceTree = "<group>"; };
		9C3C98161B213A5C00ECD57C /* galleryTest8.png */ = {isa = PBXFileReference; lastKnownFileType = image.png; path = galleryTest8.png; sourceTree = "<group>"; };
		9C3C98171B213A5C00ECD57C /* galleryTest9.png */ = {isa = PBXFileReference; lastKnownFileType = image.png; path = galleryTest9.png; sourceTree = "<group>"; };
		9C3C98181B213A5C00ECD57C /* galleryTest11.png */ = {isa = PBXFileReference; lastKnownFileType = image.png; path = galleryTest11.png; sourceTree = "<group>"; };
		9C3C98191B213A5C00ECD57C /* galleryTest12.png */ = {isa = PBXFileReference; lastKnownFileType = image.png; path = galleryTest12.png; sourceTree = "<group>"; };
		9C3C981A1B213A5C00ECD57C /* galleryTest13.png */ = {isa = PBXFileReference; lastKnownFileType = image.png; path = galleryTest13.png; sourceTree = "<group>"; };
		9C3C981B1B213A5C00ECD57C /* galleryTest14.png */ = {isa = PBXFileReference; lastKnownFileType = image.png; path = galleryTest14.png; sourceTree = "<group>"; };
		9C3C98261B21420200ECD57C /* galleryTest10.png */ = {isa = PBXFileReference; lastKnownFileType = image.png; path = galleryTest10.png; sourceTree = "<group>"; };
		9C3C98281B214BB700ECD57C /* profileHeader2.png */ = {isa = PBXFileReference; lastKnownFileType = image.png; path = profileHeader2.png; sourceTree = "<group>"; };
		9C3C982A1B214C7500ECD57C /* profileHeader3.png */ = {isa = PBXFileReference; lastKnownFileType = image.png; path = profileHeader3.png; sourceTree = "<group>"; };
		9C3C982E1B2152E200ECD57C /* NavigationLinkCell.swift */ = {isa = PBXFileReference; fileEncoding = 4; lastKnownFileType = sourcecode.swift; path = NavigationLinkCell.swift; sourceTree = "<group>"; };
		9C3C98321B21556200ECD57C /* NavHamburgerViewController.swift */ = {isa = PBXFileReference; fileEncoding = 4; lastKnownFileType = sourcecode.swift; path = NavHamburgerViewController.swift; sourceTree = "<group>"; };
		9C3C98341B2224ED00ECD57C /* ApplicationCell.swift */ = {isa = PBXFileReference; fileEncoding = 4; lastKnownFileType = sourcecode.swift; path = ApplicationCell.swift; sourceTree = "<group>"; };
		9C3C98361B2225AA00ECD57C /* icon_designObserver.png */ = {isa = PBXFileReference; lastKnownFileType = image.png; path = icon_designObserver.png; sourceTree = "<group>"; };
		9C3C98381B22260F00ECD57C /* BlockedApplicationsViewController.swift */ = {isa = PBXFileReference; fileEncoding = 4; lastKnownFileType = sourcecode.swift; path = BlockedApplicationsViewController.swift; sourceTree = "<group>"; };
		9C3C983A1B22292100ECD57C /* BlockedUserCell.swift */ = {isa = PBXFileReference; fileEncoding = 4; lastKnownFileType = sourcecode.swift; path = BlockedUserCell.swift; sourceTree = "<group>"; };
		9C3C983C1B222C8F00ECD57C /* BlockedUsersViewController.swift */ = {isa = PBXFileReference; fileEncoding = 4; lastKnownFileType = sourcecode.swift; path = BlockedUsersViewController.swift; sourceTree = "<group>"; };
		9C7007471B1E1CD400FC17B7 /* CreatePostViewController.swift */ = {isa = PBXFileReference; fileEncoding = 4; lastKnownFileType = sourcecode.swift; path = CreatePostViewController.swift; sourceTree = "<group>"; };
		9C70074B1B1E3DFC00FC17B7 /* UploadPhotoViewController.swift */ = {isa = PBXFileReference; fileEncoding = 4; lastKnownFileType = sourcecode.swift; path = UploadPhotoViewController.swift; sourceTree = "<group>"; };
		9C70074D1B1E566900FC17B7 /* FollowersListViewController.swift */ = {isa = PBXFileReference; fileEncoding = 4; lastKnownFileType = sourcecode.swift; path = FollowersListViewController.swift; sourceTree = "<group>"; };
		9C70074F1B1E56B700FC17B7 /* FollowingListViewController.swift */ = {isa = PBXFileReference; fileEncoding = 4; lastKnownFileType = sourcecode.swift; path = FollowingListViewController.swift; sourceTree = "<group>"; };
		9C7007511B1E5AE500FC17B7 /* ActivityViewController.swift */ = {isa = PBXFileReference; fileEncoding = 4; lastKnownFileType = sourcecode.swift; path = ActivityViewController.swift; sourceTree = "<group>"; };
		9C7007531B1E5D6F00FC17B7 /* FollowerCell.swift */ = {isa = PBXFileReference; fileEncoding = 4; lastKnownFileType = sourcecode.swift; path = FollowerCell.swift; sourceTree = "<group>"; };
		9C8E46AF1B4357CD00FE38F3 /* icon_disclosure.png */ = {isa = PBXFileReference; lastKnownFileType = image.png; path = icon_disclosure.png; sourceTree = "<group>"; };
		9CCBF9071B1937C0008E3A1E /* Panda-shirokuma-cafe-32070511-1280-720.jpg */ = {isa = PBXFileReference; lastKnownFileType = image.jpeg; path = "Panda-shirokuma-cafe-32070511-1280-720.jpg"; sourceTree = "<group>"; };
		9CD51B2D1B18FC4600D4E66F /* SocialPlusv0.app */ = {isa = PBXFileReference; explicitFileType = wrapper.application; includeInIndex = 0; path = SocialPlusv0.app; sourceTree = BUILT_PRODUCTS_DIR; };
		9CD51B311B18FC4600D4E66F /* Info.plist */ = {isa = PBXFileReference; lastKnownFileType = text.plist.xml; path = Info.plist; sourceTree = "<group>"; };
		9CD51B321B18FC4600D4E66F /* AppDelegate.swift */ = {isa = PBXFileReference; lastKnownFileType = sourcecode.swift; path = AppDelegate.swift; sourceTree = "<group>"; };
		9CD51B341B18FC4600D4E66F /* LoginViewController.swift */ = {isa = PBXFileReference; lastKnownFileType = sourcecode.swift; path = LoginViewController.swift; sourceTree = "<group>"; };
		9CD51B371B18FC4600D4E66F /* Base */ = {isa = PBXFileReference; lastKnownFileType = file.storyboard; name = Base; path = Base.lproj/Main.storyboard; sourceTree = "<group>"; };
		9CD51B391B18FC4600D4E66F /* Images.xcassets */ = {isa = PBXFileReference; lastKnownFileType = folder.assetcatalog; path = Images.xcassets; sourceTree = "<group>"; };
		9CD51B3C1B18FC4600D4E66F /* Base */ = {isa = PBXFileReference; lastKnownFileType = file.xib; name = Base; path = Base.lproj/LaunchScreen.xib; sourceTree = "<group>"; };
		9CD51B421B18FC4600D4E66F /* SocialPlusv0Tests.xctest */ = {isa = PBXFileReference; explicitFileType = wrapper.cfbundle; includeInIndex = 0; path = SocialPlusv0Tests.xctest; sourceTree = BUILT_PRODUCTS_DIR; };
		9CD51B471B18FC4600D4E66F /* Info.plist */ = {isa = PBXFileReference; lastKnownFileType = text.plist.xml; path = Info.plist; sourceTree = "<group>"; };
		9CD51B481B18FC4600D4E66F /* SocialPlusv0Tests.swift */ = {isa = PBXFileReference; lastKnownFileType = sourcecode.swift; path = SocialPlusv0Tests.swift; sourceTree = "<group>"; };
		9CD51B841B19105800D4E66F /* Logo.png */ = {isa = PBXFileReference; lastKnownFileType = image.png; path = Logo.png; sourceTree = "<group>"; };
		9CD82ED11B45F70D00AA71F4 /* icon_gallery.png */ = {isa = PBXFileReference; lastKnownFileType = image.png; path = icon_gallery.png; sourceTree = "<group>"; };
		9CD82ED31B45F78200AA71F4 /* icon_hamburger.png */ = {isa = PBXFileReference; lastKnownFileType = image.png; path = icon_hamburger.png; sourceTree = "<group>"; };
		9CD82ED51B45F81C00AA71F4 /* icon_list.png */ = {isa = PBXFileReference; lastKnownFileType = image.png; path = icon_list.png; sourceTree = "<group>"; };
		9CD82ED71B45FC1F00AA71F4 /* icon_msft.png */ = {isa = PBXFileReference; lastKnownFileType = image.png; path = icon_msft.png; sourceTree = "<group>"; };
		9CD82ED81B45FC1F00AA71F4 /* icon_twitter.png */ = {isa = PBXFileReference; lastKnownFileType = image.png; path = icon_twitter.png; sourceTree = "<group>"; };
		9CD82ED91B45FC1F00AA71F4 /* icon_gplus.png */ = {isa = PBXFileReference; lastKnownFileType = image.png; path = icon_gplus.png; sourceTree = "<group>"; };
		9CD82EDA1B45FC1F00AA71F4 /* icon_fb.png */ = {isa = PBXFileReference; lastKnownFileType = image.png; path = icon_fb.png; sourceTree = "<group>"; };
		9CDB7ECD1B45BB0D005B11DD /* NavHamburgerPreSignInViewController.swift */ = {isa = PBXFileReference; fileEncoding = 4; lastKnownFileType = sourcecode.swift; path = NavHamburgerPreSignInViewController.swift; sourceTree = "<group>"; };
		9CDB7ECF1B45E6E0005B11DD /* icon_home.png */ = {isa = PBXFileReference; lastKnownFileType = image.png; path = icon_home.png; sourceTree = "<group>"; };
		9CDB7ED11B45E6F8005B11DD /* icon_search.png */ = {isa = PBXFileReference; lastKnownFileType = image.png; path = icon_search.png; sourceTree = "<group>"; };
		9CDB7ED31B45E704005B11DD /* icon_popular.png */ = {isa = PBXFileReference; lastKnownFileType = image.png; path = icon_popular.png; sourceTree = "<group>"; };
		9CDB7ED51B45E712005B11DD /* icon_pins.png */ = {isa = PBXFileReference; lastKnownFileType = image.png; path = icon_pins.png; sourceTree = "<group>"; };
		9CDB7ED71B45E720005B11DD /* icon_activity.png */ = {isa = PBXFileReference; lastKnownFileType = image.png; path = icon_activity.png; sourceTree = "<group>"; };
		9CDB7ED91B45E731005B11DD /* icon_logout.png */ = {isa = PBXFileReference; lastKnownFileType = image.png; path = icon_logout.png; sourceTree = "<group>"; };
		9CDB7EDB1B45E781005B11DD /* icon_settings.png */ = {isa = PBXFileReference; lastKnownFileType = image.png; path = icon_settings.png; sourceTree = "<group>"; };
		9CEE84061B2F4EA500FE4C15 /* icon_gear.png */ = {isa = PBXFileReference; lastKnownFileType = image.png; path = icon_gear.png; sourceTree = "<group>"; };
		9CEE84081B2F538700FE4C15 /* SettingsViewController.swift */ = {isa = PBXFileReference; fileEncoding = 4; lastKnownFileType = sourcecode.swift; path = SettingsViewController.swift; sourceTree = "<group>"; };
		9CEE840E1B2F75DA00FE4C15 /* PersonToFollowCell.swift */ = {isa = PBXFileReference; fileEncoding = 4; lastKnownFileType = sourcecode.swift; path = PersonToFollowCell.swift; sourceTree = "<group>"; };
		9CEE84111B2F806B00FE4C15 /* ReportIssueViewController.swift */ = {isa = PBXFileReference; fileEncoding = 4; lastKnownFileType = sourcecode.swift; path = ReportIssueViewController.swift; sourceTree = "<group>"; };
		9CEE84131B2F807E00FE4C15 /* SubmitReportViewController.swift */ = {isa = PBXFileReference; fileEncoding = 4; lastKnownFileType = sourcecode.swift; path = SubmitReportViewController.swift; sourceTree = "<group>"; };
		9CEE84151B2F839D00FE4C15 /* FeedGalleryViewController.swift */ = {isa = PBXFileReference; fileEncoding = 4; lastKnownFileType = sourcecode.swift; path = FeedGalleryViewController.swift; sourceTree = "<group>"; };
		9CEE84171B2F856800FE4C15 /* FeedGalleryCollectionViewCell.swift */ = {isa = PBXFileReference; fileEncoding = 4; lastKnownFileType = sourcecode.swift; path = FeedGalleryCollectionViewCell.swift; sourceTree = "<group>"; };
		9CEE84191B2FB84B00FE4C15 /* PostViewController.swift */ = {isa = PBXFileReference; fileEncoding = 4; lastKnownFileType = sourcecode.swift; path = PostViewController.swift; sourceTree = "<group>"; };
		9CEE841B1B2FB9FB00FE4C15 /* CommentTableViewCell.swift */ = {isa = PBXFileReference; fileEncoding = 4; lastKnownFileType = sourcecode.swift; path = CommentTableViewCell.swift; sourceTree = "<group>"; };
		9CEE841D1B308D1700FE4C15 /* RepliesViewController.swift */ = {isa = PBXFileReference; fileEncoding = 4; lastKnownFileType = sourcecode.swift; path = RepliesViewController.swift; sourceTree = "<group>"; };
		9CEE841F1B308DD400FE4C15 /* ReplyCell.swift */ = {isa = PBXFileReference; fileEncoding = 4; lastKnownFileType = sourcecode.swift; path = ReplyCell.swift; sourceTree = "<group>"; };
		9CEE84221B30964900FE4C15 /* icon_private.png */ = {isa = PBXFileReference; lastKnownFileType = image.png; path = icon_private.png; sourceTree = "<group>"; };
		9CEE84241B309C4800FE4C15 /* icon_drake.jpg */ = {isa = PBXFileReference; lastKnownFileType = image.jpeg; path = icon_drake.jpg; sourceTree = "<group>"; };
		9CEE84261B30A26200FE4C15 /* ProfileViewController.swift */ = {isa = PBXFileReference; fileEncoding = 4; lastKnownFileType = sourcecode.swift; path = ProfileViewController.swift; sourceTree = "<group>"; };
		9CEE842A1B30DEB500FE4C15 /* icon_recentSearch.png */ = {isa = PBXFileReference; lastKnownFileType = image.png; path = icon_recentSearch.png; sourceTree = "<group>"; };
		9CEE842C1B30EC5000FE4C15 /* icon_liked.png */ = {isa = PBXFileReference; lastKnownFileType = image.png; path = icon_liked.png; sourceTree = "<group>"; };
/* End PBXFileReference section */

/* Begin PBXFrameworksBuildPhase section */
		9CD51B2A1B18FC4600D4E66F /* Frameworks */ = {
			isa = PBXFrameworksBuildPhase;
			buildActionMask = 2147483647;
			files = (
			);
			runOnlyForDeploymentPostprocessing = 0;
		};
		9CD51B3F1B18FC4600D4E66F /* Frameworks */ = {
			isa = PBXFrameworksBuildPhase;
			buildActionMask = 2147483647;
			files = (
			);
			runOnlyForDeploymentPostprocessing = 0;
		};
/* End PBXFrameworksBuildPhase section */

/* Begin PBXGroup section */
		8C3D35401B290F39006D0FDB /* Pins */ = {
			isa = PBXGroup;
			children = (
				8C3D35411B290F48006D0FDB /* PinsViewController.swift */,
			);
			name = Pins;
			sourceTree = "<group>";
		};
		8C3D35431B2915AB006D0FDB /* My Profile + Edit My Profile */ = {
			isa = PBXGroup;
			children = (
				9C072A7F1B20E4500037DCAC /* EditProfileViewController.swift */,
				8C3D35441B2915C1006D0FDB /* MyProfileViewController.swift */,
				9CEE84081B2F538700FE4C15 /* SettingsViewController.swift */,
				9CEE840E1B2F75DA00FE4C15 /* PersonToFollowCell.swift */,
			);
			name = "My Profile + Edit My Profile";
			sourceTree = "<group>";
		};
		8C3D354E1B2A77E0006D0FDB /* Create Post */ = {
			isa = PBXGroup;
			children = (
				9C7007471B1E1CD400FC17B7 /* CreatePostViewController.swift */,
			);
			name = "Create Post";
			sourceTree = "<group>";
		};
		9C072A621B1F6FD50037DCAC /* Assets */ = {
			isa = PBXGroup;
			children = (
				9CDB7ECF1B45E6E0005B11DD /* icon_home.png */,
				9CDB7ED11B45E6F8005B11DD /* icon_search.png */,
				9CDB7EDB1B45E781005B11DD /* icon_settings.png */,
				9CDB7ED91B45E731005B11DD /* icon_logout.png */,
				9CD82ED11B45F70D00AA71F4 /* icon_gallery.png */,
				9CDB7ED71B45E720005B11DD /* icon_activity.png */,
				9CD82ED51B45F81C00AA71F4 /* icon_list.png */,
				9CD82ED31B45F78200AA71F4 /* icon_hamburger.png */,
				9CDB7ED31B45E704005B11DD /* icon_popular.png */,
				9CDB7ED51B45E712005B11DD /* icon_pins.png */,
				9C8E46AF1B4357CD00FE38F3 /* icon_disclosure.png */,
				9CEE842A1B30DEB500FE4C15 /* icon_recentSearch.png */,
				9CEE84291B30A50500FE4C15 /* External Social Media/Application Icons */,
				9CEE84221B30964900FE4C15 /* icon_private.png */,
				9C079AAC1B28C6BA004F0E26 /* SocialPlus-logo_white_hamburger.png */,
				9C079A9C1B27A790004F0E26 /* icon_back.png */,
				9CEE84061B2F4EA500FE4C15 /* icon_gear.png */,
				9CEE84281B30A28100FE4C15 /* Placeholder Assets */,
				9CEE842C1B30EC5000FE4C15 /* icon_liked.png */,
				9C072A7B1B20E22C0037DCAC /* icon_dots.png */,
				9C3C98061B20FE3700ECD57C /* icon_edit.png */,
				9C072A811B20E6290037DCAC /* icon_accept.png */,
				9C072A831B20E6740037DCAC /* icon_reject.png */,
				9C072A791B20E1550037DCAC /* icon_pin.png */,
				9C072A771B20E0D80037DCAC /* icon_comment.png */,
				9CD51B841B19105800D4E66F /* Logo.png */,
			);
			name = Assets;
			sourceTree = "<group>";
		};
		9C079A991B27A4D6004F0E26 /* Login + Create Account */ = {
			isa = PBXGroup;
			children = (
				9C2C77401B1D0F3E009673FC /* CreateAccountViewController.swift */,
				9C70074B1B1E3DFC00FC17B7 /* UploadPhotoViewController.swift */,
				9CD51B341B18FC4600D4E66F /* LoginViewController.swift */,
				9C079A9A1B27A4EB004F0E26 /* LoginWithEmailViewController.swift */,
			);
			name = "Login + Create Account";
			sourceTree = "<group>";
		};
		9C079A9E1B27B887004F0E26 /* Hamburger Navigation */ = {
			isa = PBXGroup;
			children = (
				9C3C98321B21556200ECD57C /* NavHamburgerViewController.swift */,
				9C3C982E1B2152E200ECD57C /* NavigationLinkCell.swift */,
				9CDB7ECD1B45BB0D005B11DD /* NavHamburgerPreSignInViewController.swift */,
			);
			name = "Hamburger Navigation";
			sourceTree = "<group>";
		};
		9C079A9F1B27B8BF004F0E26 /* Popular */ = {
			isa = PBXGroup;
			children = (
				9C3C980E1B2126FD00ECD57C /* PopularGalleryViewController.swift */,
				9C3C98101B21333200ECD57C /* GalleryCell.swift */,
			);
			name = Popular;
			sourceTree = "<group>";
		};
		9C079AA01B27BBC4004F0E26 /* Activity + New Follower Requests */ = {
			isa = PBXGroup;
			children = (
				9C7007511B1E5AE500FC17B7 /* ActivityViewController.swift */,
				9C072A6D1B1FA9C50037DCAC /* ActivityCell.swift */,
				9C072A6B1B1FA2310037DCAC /* FollowerRequestCell.swift */,
			);
			name = "Activity + New Follower Requests";
			sourceTree = "<group>";
		};
		9C079AA11B27BC2A004F0E26 /* Following + Followers Lists */ = {
			isa = PBXGroup;
			children = (
				9C70074D1B1E566900FC17B7 /* FollowersListViewController.swift */,
				9C70074F1B1E56B700FC17B7 /* FollowingListViewController.swift */,
				9C7007531B1E5D6F00FC17B7 /* FollowerCell.swift */,
			);
			name = "Following + Followers Lists";
			sourceTree = "<group>";
		};
		9C079AA21B27BC53004F0E26 /* Blocked Applications + Users */ = {
			isa = PBXGroup;
			children = (
				9C3C983C1B222C8F00ECD57C /* BlockedUsersViewController.swift */,
				9C3C98381B22260F00ECD57C /* BlockedApplicationsViewController.swift */,
				9C3C983A1B22292100ECD57C /* BlockedUserCell.swift */,
				9C3C98341B2224ED00ECD57C /* ApplicationCell.swift */,
			);
			name = "Blocked Applications + Users";
			sourceTree = "<group>";
		};
		9C079AA31B27BC93004F0E26 /* Home Feed  */ = {
			isa = PBXGroup;
			children = (
				9C072A711B20C10E0037DCAC /* FeedListViewController.swift */,
				9C072A6F1B20BD430037DCAC /* FeedPostCell.swift */,
				9CEE84151B2F839D00FE4C15 /* FeedGalleryViewController.swift */,
				9CEE84171B2F856800FE4C15 /* FeedGalleryCollectionViewCell.swift */,
				9CEE84191B2FB84B00FE4C15 /* PostViewController.swift */,
				9CEE841B1B2FB9FB00FE4C15 /* CommentTableViewCell.swift */,
				9CEE841D1B308D1700FE4C15 /* RepliesViewController.swift */,
				9CEE841F1B308DD400FE4C15 /* ReplyCell.swift */,
			);
			name = "Home Feed ";
			sourceTree = "<group>";
		};
		9C079AA41B28AE0E004F0E26 /* SWRevealViewController (for hamburger) */ = {
			isa = PBXGroup;
			children = (
				9C079AA61B28AE7A004F0E26 /* SWRevealViewController.h */,
				9C079AA71B28AE7A004F0E26 /* SWRevealViewController.m */,
				9C079AA51B28AE7A004F0E26 /* SocialPlusv0-Bridging-Header.h */,
			);
			name = "SWRevealViewController (for hamburger)";
			sourceTree = "<group>";
		};
		9C079AA91B28B525004F0E26 /* Search View */ = {
			isa = PBXGroup;
			children = (
				9C079AAA1B28B534004F0E26 /* SearchViewController.swift */,
			);
			name = "Search View";
			sourceTree = "<group>";
		};
		9CD51B241B18FC4600D4E66F = {
			isa = PBXGroup;
			children = (
				8C3D35481B2A5C7B006D0FDB /* QuartzCore.framework */,
				9CD51B2F1B18FC4600D4E66F /* SocialPlusv0 */,
				9CD51B451B18FC4600D4E66F /* SocialPlusv0Tests */,
				9CD51B2E1B18FC4600D4E66F /* Products */,
			);
			sourceTree = "<group>";
		};
		9CD51B2E1B18FC4600D4E66F /* Products */ = {
			isa = PBXGroup;
			children = (
				9CD51B2D1B18FC4600D4E66F /* SocialPlusv0.app */,
				9CD51B421B18FC4600D4E66F /* SocialPlusv0Tests.xctest */,
			);
			name = Products;
			sourceTree = "<group>";
		};
		9CD51B2F1B18FC4600D4E66F /* SocialPlusv0 */ = {
			isa = PBXGroup;
			children = (
				9CD51B321B18FC4600D4E66F /* AppDelegate.swift */,
				9C079AA41B28AE0E004F0E26 /* SWRevealViewController (for hamburger) */,
				9CEE84211B30923400FE4C15 /* Profile Public/Private */,
				9CEE84101B2F800F00FE4C15 /* Report Accounts/Posts */,
				8C3D354E1B2A77E0006D0FDB /* Create Post */,
				8C3D35431B2915AB006D0FDB /* My Profile + Edit My Profile */,
				8C3D35401B290F39006D0FDB /* Pins */,
				9C079AA91B28B525004F0E26 /* Search View */,
				9C079AA31B27BC93004F0E26 /* Home Feed  */,
				9C079AA21B27BC53004F0E26 /* Blocked Applications + Users */,
				9C079AA11B27BC2A004F0E26 /* Following + Followers Lists */,
				9C079AA01B27BBC4004F0E26 /* Activity + New Follower Requests */,
				9C079A991B27A4D6004F0E26 /* Login + Create Account */,
				9C079A9E1B27B887004F0E26 /* Hamburger Navigation */,
				9C072A621B1F6FD50037DCAC /* Assets */,
				9C079A9F1B27B8BF004F0E26 /* Popular */,
				9CD51B361B18FC4600D4E66F /* Main.storyboard */,
				9CD51B391B18FC4600D4E66F /* Images.xcassets */,
				9CD51B3B1B18FC4600D4E66F /* LaunchScreen.xib */,
				9CD51B301B18FC4600D4E66F /* Supporting Files */,
			);
			path = SocialPlusv0;
			sourceTree = "<group>";
		};
		9CD51B301B18FC4600D4E66F /* Supporting Files */ = {
			isa = PBXGroup;
			children = (
				9CD51B311B18FC4600D4E66F /* Info.plist */,
			);
			name = "Supporting Files";
			sourceTree = "<group>";
		};
		9CD51B451B18FC4600D4E66F /* SocialPlusv0Tests */ = {
			isa = PBXGroup;
			children = (
				9CD51B481B18FC4600D4E66F /* SocialPlusv0Tests.swift */,
				9CD51B461B18FC4600D4E66F /* Supporting Files */,
			);
			path = SocialPlusv0Tests;
			sourceTree = "<group>";
		};
		9CD51B461B18FC4600D4E66F /* Supporting Files */ = {
			isa = PBXGroup;
			children = (
				9CD51B471B18FC4600D4E66F /* Info.plist */,
			);
			name = "Supporting Files";
			sourceTree = "<group>";
		};
		9CEE84101B2F800F00FE4C15 /* Report Accounts/Posts */ = {
			isa = PBXGroup;
			children = (
				9CEE84111B2F806B00FE4C15 /* ReportIssueViewController.swift */,
				9CEE84131B2F807E00FE4C15 /* SubmitReportViewController.swift */,
			);
			name = "Report Accounts/Posts";
			sourceTree = "<group>";
		};
		9CEE84211B30923400FE4C15 /* Profile Public/Private */ = {
			isa = PBXGroup;
			children = (
				9CEE84261B30A26200FE4C15 /* ProfileViewController.swift */,
			);
			name = "Profile Public/Private";
			sourceTree = "<group>";
		};
		9CEE84281B30A28100FE4C15 /* Placeholder Assets */ = {
			isa = PBXGroup;
			children = (
				8C3D354A1B2A710B006D0FDB /* icon_user.png */,
				9C3C98081B2126B500ECD57C /* galleryTest1.png */,
				9C3C98091B2126B500ECD57C /* galleryTest2.png */,
				9C3C980A1B2126B500ECD57C /* galleryTest3.png */,
				9C3C98121B213A5C00ECD57C /* galleryTest4.png */,
				9C3C98131B213A5C00ECD57C /* galleryTest5.png */,
				9C3C98141B213A5C00ECD57C /* galleryTest6.png */,
				9C3C98151B213A5C00ECD57C /* galleryTest7.png */,
				9C3C98161B213A5C00ECD57C /* galleryTest8.png */,
				9C3C98171B213A5C00ECD57C /* galleryTest9.png */,
				9C3C98261B21420200ECD57C /* galleryTest10.png */,
				9C3C98181B213A5C00ECD57C /* galleryTest11.png */,
				9C3C98191B213A5C00ECD57C /* galleryTest12.png */,
				9C3C981A1B213A5C00ECD57C /* galleryTest13.png */,
				9C3C981B1B213A5C00ECD57C /* galleryTest14.png */,
				9CCBF9071B1937C0008E3A1E /* Panda-shirokuma-cafe-32070511-1280-720.jpg */,
				9CEE84241B309C4800FE4C15 /* icon_drake.jpg */,
				9C072A7D1B20E4090037DCAC /* profileHeader.png */,
				9C3C98281B214BB700ECD57C /* profileHeader2.png */,
				9C3C982A1B214C7500ECD57C /* profileHeader3.png */,
			);
			name = "Placeholder Assets";
			sourceTree = "<group>";
		};
		9CEE84291B30A50500FE4C15 /* External Social Media/Application Icons */ = {
			isa = PBXGroup;
			children = (
				9CD82ED71B45FC1F00AA71F4 /* icon_msft.png */,
				9CD82ED81B45FC1F00AA71F4 /* icon_twitter.png */,
				9CD82ED91B45FC1F00AA71F4 /* icon_gplus.png */,
				9CD82EDA1B45FC1F00AA71F4 /* icon_fb.png */,
				9C3C98361B2225AA00ECD57C /* icon_designObserver.png */,
				8C3D354C1B2A72EB006D0FDB /* icon_socialPlus_v2.png */,
				9C072A731B20DF530037DCAC /* icon_freshPaint.png */,
			);
			name = "External Social Media/Application Icons";
			sourceTree = "<group>";
		};
/* End PBXGroup section */

/* Begin PBXNativeTarget section */
		9CD51B2C1B18FC4600D4E66F /* SocialPlusv0 */ = {
			isa = PBXNativeTarget;
			buildConfigurationList = 9CD51B4C1B18FC4600D4E66F /* Build configuration list for PBXNativeTarget "SocialPlusv0" */;
			buildPhases = (
				9CD51B291B18FC4600D4E66F /* Sources */,
				9CD51B2A1B18FC4600D4E66F /* Frameworks */,
				9CD51B2B1B18FC4600D4E66F /* Resources */,
			);
			buildRules = (
			);
			dependencies = (
			);
			name = SocialPlusv0;
			productName = SocialPlusv0;
			productReference = 9CD51B2D1B18FC4600D4E66F /* SocialPlusv0.app */;
			productType = "com.apple.product-type.application";
		};
		9CD51B411B18FC4600D4E66F /* SocialPlusv0Tests */ = {
			isa = PBXNativeTarget;
			buildConfigurationList = 9CD51B4F1B18FC4600D4E66F /* Build configuration list for PBXNativeTarget "SocialPlusv0Tests" */;
			buildPhases = (
				9CD51B3E1B18FC4600D4E66F /* Sources */,
				9CD51B3F1B18FC4600D4E66F /* Frameworks */,
				9CD51B401B18FC4600D4E66F /* Resources */,
			);
			buildRules = (
			);
			dependencies = (
				9CD51B441B18FC4600D4E66F /* PBXTargetDependency */,
			);
			name = SocialPlusv0Tests;
			productName = SocialPlusv0Tests;
			productReference = 9CD51B421B18FC4600D4E66F /* SocialPlusv0Tests.xctest */;
			productType = "com.apple.product-type.bundle.unit-test";
		};
/* End PBXNativeTarget section */

/* Begin PBXProject section */
		9CD51B251B18FC4600D4E66F /* Project object */ = {
			isa = PBXProject;
			attributes = {
				LastSwiftMigration = 0720;
				LastSwiftUpdateCheck = 0720;
				LastUpgradeCheck = 0720;
				ORGANIZATIONNAME = "Microsoft Corporation";
				TargetAttributes = {
					9CD51B2C1B18FC4600D4E66F = {
						CreatedOnToolsVersion = 6.2;
					};
					9CD51B411B18FC4600D4E66F = {
						CreatedOnToolsVersion = 6.2;
						TestTargetID = 9CD51B2C1B18FC4600D4E66F;
					};
				};
			};
			buildConfigurationList = 9CD51B281B18FC4600D4E66F /* Build configuration list for PBXProject "SocialPlusv0" */;
			compatibilityVersion = "Xcode 3.2";
			developmentRegion = English;
			hasScannedForEncodings = 0;
			knownRegions = (
				en,
				Base,
			);
			mainGroup = 9CD51B241B18FC4600D4E66F;
			productRefGroup = 9CD51B2E1B18FC4600D4E66F /* Products */;
			projectDirPath = "";
			projectRoot = "";
			targets = (
				9CD51B2C1B18FC4600D4E66F /* SocialPlusv0 */,
				9CD51B411B18FC4600D4E66F /* SocialPlusv0Tests */,
			);
		};
/* End PBXProject section */

/* Begin PBXResourcesBuildPhase section */
		9CD51B2B1B18FC4600D4E66F /* Resources */ = {
			isa = PBXResourcesBuildPhase;
			buildActionMask = 2147483647;
			files = (
				9C072A741B20DF530037DCAC /* icon_freshPaint.png in Resources */,
				9C3C98201B213A5C00ECD57C /* galleryTest8.png in Resources */,
				8C3D354B1B2A710B006D0FDB /* icon_user.png in Resources */,
				9C3C98231B213A5C00ECD57C /* galleryTest12.png in Resources */,
				9CD82ED61B45F81C00AA71F4 /* icon_list.png in Resources */,
				9CDB7EDA1B45E731005B11DD /* icon_logout.png in Resources */,
				9C3C98241B213A5C00ECD57C /* galleryTest13.png in Resources */,
				9C3C981F1B213A5C00ECD57C /* galleryTest7.png in Resources */,
				9CEE84231B30964900FE4C15 /* icon_private.png in Resources */,
				9C079AAD1B28C6BA004F0E26 /* SocialPlus-logo_white_hamburger.png in Resources */,
				9CDB7ED41B45E704005B11DD /* icon_popular.png in Resources */,
				9CD51B381B18FC4600D4E66F /* Main.storyboard in Resources */,
				9CD82EDD1B45FC1F00AA71F4 /* icon_gplus.png in Resources */,
				9C3C98371B2225AA00ECD57C /* icon_designObserver.png in Resources */,
				9CDB7ED81B45E720005B11DD /* icon_activity.png in Resources */,
				9CD51B3D1B18FC4600D4E66F /* LaunchScreen.xib in Resources */,
				9C072A781B20E0D80037DCAC /* icon_comment.png in Resources */,
				9C3C98211B213A5C00ECD57C /* galleryTest9.png in Resources */,
				9C3C981E1B213A5C00ECD57C /* galleryTest6.png in Resources */,
				9C8E46B01B4357CD00FE38F3 /* icon_disclosure.png in Resources */,
				9C3C98071B20FE3700ECD57C /* icon_edit.png in Resources */,
				9CD51B851B19105800D4E66F /* Logo.png in Resources */,
				9CD82EDE1B45FC1F00AA71F4 /* icon_fb.png in Resources */,
				9C3C981D1B213A5C00ECD57C /* galleryTest5.png in Resources */,
				9CDB7EDC1B45E781005B11DD /* icon_settings.png in Resources */,
				9CDB7ED61B45E712005B11DD /* icon_pins.png in Resources */,
				9C3C980C1B2126B500ECD57C /* galleryTest2.png in Resources */,
				9CEE84251B309C4800FE4C15 /* icon_drake.jpg in Resources */,
				9C3C98221B213A5C00ECD57C /* galleryTest11.png in Resources */,
				9CD51B3A1B18FC4600D4E66F /* Images.xcassets in Resources */,
				9C3C98271B21420200ECD57C /* galleryTest10.png in Resources */,
				9C3C981C1B213A5C00ECD57C /* galleryTest4.png in Resources */,
				8C3D354D1B2A72EB006D0FDB /* icon_socialPlus_v2.png in Resources */,
				9CCBF9081B1937C0008E3A1E /* Panda-shirokuma-cafe-32070511-1280-720.jpg in Resources */,
				9C3C982B1B214C7500ECD57C /* profileHeader3.png in Resources */,
				9CEE842D1B30EC5000FE4C15 /* icon_liked.png in Resources */,
				9C3C980D1B2126B500ECD57C /* galleryTest3.png in Resources */,
				9CDB7ED21B45E6F8005B11DD /* icon_search.png in Resources */,
				9C072A7A1B20E1550037DCAC /* icon_pin.png in Resources */,
				9C072A841B20E6740037DCAC /* icon_reject.png in Resources */,
				9C072A7C1B20E22C0037DCAC /* icon_dots.png in Resources */,
				9CD82ED41B45F78200AA71F4 /* icon_hamburger.png in Resources */,
				9C079A9D1B27A790004F0E26 /* icon_back.png in Resources */,
				9C3C98251B213A5C00ECD57C /* galleryTest14.png in Resources */,
				9CD82EDC1B45FC1F00AA71F4 /* icon_twitter.png in Resources */,
				9CD82EDB1B45FC1F00AA71F4 /* icon_msft.png in Resources */,
				9C3C980B1B2126B500ECD57C /* galleryTest1.png in Resources */,
				9CEE84071B2F4EA500FE4C15 /* icon_gear.png in Resources */,
				9C072A821B20E6290037DCAC /* icon_accept.png in Resources */,
				9C3C98291B214BB700ECD57C /* profileHeader2.png in Resources */,
				9C072A7E1B20E4090037DCAC /* profileHeader.png in Resources */,
				9CD82ED21B45F70D00AA71F4 /* icon_gallery.png in Resources */,
				9CDB7ED01B45E6E0005B11DD /* icon_home.png in Resources */,
				9CEE842B1B30DEB500FE4C15 /* icon_recentSearch.png in Resources */,
			);
			runOnlyForDeploymentPostprocessing = 0;
		};
		9CD51B401B18FC4600D4E66F /* Resources */ = {
			isa = PBXResourcesBuildPhase;
			buildActionMask = 2147483647;
			files = (
			);
			runOnlyForDeploymentPostprocessing = 0;
		};
/* End PBXResourcesBuildPhase section */

/* Begin PBXSourcesBuildPhase section */
		9CD51B291B18FC4600D4E66F /* Sources */ = {
			isa = PBXSourcesBuildPhase;
			buildActionMask = 2147483647;
			files = (
				9C072A6E1B1FA9C50037DCAC /* ActivityCell.swift in Sources */,
				9C7007481B1E1CD400FC17B7 /* CreatePostViewController.swift in Sources */,
				9C3C982F1B2152E200ECD57C /* NavigationLinkCell.swift in Sources */,
				9CEE841E1B308D1700FE4C15 /* RepliesViewController.swift in Sources */,
				9C2C77411B1D0F3E009673FC /* CreateAccountViewController.swift in Sources */,
				9C7007541B1E5D6F00FC17B7 /* FollowerCell.swift in Sources */,
				9C072A801B20E4500037DCAC /* EditProfileViewController.swift in Sources */,
				9C70074E1B1E566900FC17B7 /* FollowersListViewController.swift in Sources */,
				9C7007521B1E5AE500FC17B7 /* ActivityViewController.swift in Sources */,
				9C072A701B20BD430037DCAC /* FeedPostCell.swift in Sources */,
				9CEE841A1B2FB84B00FE4C15 /* PostViewController.swift in Sources */,
				9C3C98331B21556200ECD57C /* NavHamburgerViewController.swift in Sources */,
				9CD51B351B18FC4600D4E66F /* LoginViewController.swift in Sources */,
				9CEE84161B2F839D00FE4C15 /* FeedGalleryViewController.swift in Sources */,
				9CEE84201B308DD400FE4C15 /* ReplyCell.swift in Sources */,
				9C079AA81B28AE7A004F0E26 /* SWRevealViewController.m in Sources */,
				8C3D35451B2915C1006D0FDB /* MyProfileViewController.swift in Sources */,
				9C7007501B1E56B700FC17B7 /* FollowingListViewController.swift in Sources */,
				9C3C98351B2224ED00ECD57C /* ApplicationCell.swift in Sources */,
				9CDB7ECE1B45BB0D005B11DD /* NavHamburgerPreSignInViewController.swift in Sources */,
				9C70074C1B1E3DFC00FC17B7 /* UploadPhotoViewController.swift in Sources */,
				9CEE840F1B2F75DA00FE4C15 /* PersonToFollowCell.swift in Sources */,
				9C079AAB1B28B534004F0E26 /* SearchViewController.swift in Sources */,
				8C3D35421B290F48006D0FDB /* PinsViewController.swift in Sources */,
				9C3C983D1B222C8F00ECD57C /* BlockedUsersViewController.swift in Sources */,
				9CEE84181B2F856800FE4C15 /* FeedGalleryCollectionViewCell.swift in Sources */,
				9CEE84141B2F807E00FE4C15 /* SubmitReportViewController.swift in Sources */,
				9C3C980F1B2126FD00ECD57C /* PopularGalleryViewController.swift in Sources */,
				9C3C983B1B22292100ECD57C /* BlockedUserCell.swift in Sources */,
				9C3C98111B21333200ECD57C /* GalleryCell.swift in Sources */,
				9CEE84121B2F806B00FE4C15 /* ReportIssueViewController.swift in Sources */,
				9CD51B331B18FC4600D4E66F /* AppDelegate.swift in Sources */,
				9CEE84091B2F538700FE4C15 /* SettingsViewController.swift in Sources */,
				9CEE841C1B2FB9FB00FE4C15 /* CommentTableViewCell.swift in Sources */,
				9C072A721B20C10E0037DCAC /* FeedListViewController.swift in Sources */,
				9C079A9B1B27A4EB004F0E26 /* LoginWithEmailViewController.swift in Sources */,
				9CEE84271B30A26200FE4C15 /* ProfileViewController.swift in Sources */,
				9C3C98391B22260F00ECD57C /* BlockedApplicationsViewController.swift in Sources */,
				9C072A6C1B1FA2310037DCAC /* FollowerRequestCell.swift in Sources */,
			);
			runOnlyForDeploymentPostprocessing = 0;
		};
		9CD51B3E1B18FC4600D4E66F /* Sources */ = {
			isa = PBXSourcesBuildPhase;
			buildActionMask = 2147483647;
			files = (
				9CD51B491B18FC4600D4E66F /* SocialPlusv0Tests.swift in Sources */,
			);
			runOnlyForDeploymentPostprocessing = 0;
		};
/* End PBXSourcesBuildPhase section */

/* Begin PBXTargetDependency section */
		9CD51B441B18FC4600D4E66F /* PBXTargetDependency */ = {
			isa = PBXTargetDependency;
			target = 9CD51B2C1B18FC4600D4E66F /* SocialPlusv0 */;
			targetProxy = 9CD51B431B18FC4600D4E66F /* PBXContainerItemProxy */;
		};
/* End PBXTargetDependency section */

/* Begin PBXVariantGroup section */
		9CD51B361B18FC4600D4E66F /* Main.storyboard */ = {
			isa = PBXVariantGroup;
			children = (
				9CD51B371B18FC4600D4E66F /* Base */,
			);
			name = Main.storyboard;
			sourceTree = "<group>";
		};
		9CD51B3B1B18FC4600D4E66F /* LaunchScreen.xib */ = {
			isa = PBXVariantGroup;
			children = (
				9CD51B3C1B18FC4600D4E66F /* Base */,
			);
			name = LaunchScreen.xib;
			sourceTree = "<group>";
		};
/* End PBXVariantGroup section */

/* Begin XCBuildConfiguration section */
		9CD51B4A1B18FC4600D4E66F /* Debug */ = {
			isa = XCBuildConfiguration;
			buildSettings = {
				ALWAYS_SEARCH_USER_PATHS = NO;
				CLANG_CXX_LANGUAGE_STANDARD = "gnu++0x";
				CLANG_CXX_LIBRARY = "libc++";
				CLANG_ENABLE_MODULES = YES;
				CLANG_ENABLE_OBJC_ARC = YES;
				CLANG_WARN_BOOL_CONVERSION = YES;
				CLANG_WARN_CONSTANT_CONVERSION = YES;
				CLANG_WARN_DIRECT_OBJC_ISA_USAGE = YES_ERROR;
				CLANG_WARN_EMPTY_BODY = YES;
				CLANG_WARN_ENUM_CONVERSION = YES;
				CLANG_WARN_INT_CONVERSION = YES;
				CLANG_WARN_OBJC_ROOT_CLASS = YES_ERROR;
				CLANG_WARN_UNREACHABLE_CODE = YES;
				CLANG_WARN__DUPLICATE_METHOD_MATCH = YES;
				"CODE_SIGN_IDENTITY[sdk=iphoneos*]" = "iPhone Developer";
				COPY_PHASE_STRIP = NO;
				ENABLE_STRICT_OBJC_MSGSEND = YES;
				ENABLE_TESTABILITY = YES;
				GCC_C_LANGUAGE_STANDARD = gnu99;
				GCC_DYNAMIC_NO_PIC = NO;
				GCC_OPTIMIZATION_LEVEL = 0;
				GCC_PREPROCESSOR_DEFINITIONS = (
					"DEBUG=1",
					"$(inherited)",
				);
				GCC_SYMBOLS_PRIVATE_EXTERN = NO;
				GCC_WARN_64_TO_32_BIT_CONVERSION = YES;
				GCC_WARN_ABOUT_RETURN_TYPE = YES_ERROR;
				GCC_WARN_UNDECLARED_SELECTOR = YES;
				GCC_WARN_UNINITIALIZED_AUTOS = YES_AGGRESSIVE;
				GCC_WARN_UNUSED_FUNCTION = YES;
				GCC_WARN_UNUSED_VARIABLE = YES;
				IPHONEOS_DEPLOYMENT_TARGET = 8.2;
				MTL_ENABLE_DEBUG_INFO = YES;
				ONLY_ACTIVE_ARCH = YES;
				SDKROOT = iphoneos;
				SWIFT_OPTIMIZATION_LEVEL = "-Onone";
			};
			name = Debug;
		};
		9CD51B4B1B18FC4600D4E66F /* Release */ = {
			isa = XCBuildConfiguration;
			buildSettings = {
				ALWAYS_SEARCH_USER_PATHS = NO;
				CLANG_CXX_LANGUAGE_STANDARD = "gnu++0x";
				CLANG_CXX_LIBRARY = "libc++";
				CLANG_ENABLE_MODULES = YES;
				CLANG_ENABLE_OBJC_ARC = YES;
				CLANG_WARN_BOOL_CONVERSION = YES;
				CLANG_WARN_CONSTANT_CONVERSION = YES;
				CLANG_WARN_DIRECT_OBJC_ISA_USAGE = YES_ERROR;
				CLANG_WARN_EMPTY_BODY = YES;
				CLANG_WARN_ENUM_CONVERSION = YES;
				CLANG_WARN_INT_CONVERSION = YES;
				CLANG_WARN_OBJC_ROOT_CLASS = YES_ERROR;
				CLANG_WARN_UNREACHABLE_CODE = YES;
				CLANG_WARN__DUPLICATE_METHOD_MATCH = YES;
				"CODE_SIGN_IDENTITY[sdk=iphoneos*]" = "iPhone Developer";
				COPY_PHASE_STRIP = NO;
				ENABLE_NS_ASSERTIONS = NO;
				ENABLE_STRICT_OBJC_MSGSEND = YES;
				GCC_C_LANGUAGE_STANDARD = gnu99;
				GCC_WARN_64_TO_32_BIT_CONVERSION = YES;
				GCC_WARN_ABOUT_RETURN_TYPE = YES_ERROR;
				GCC_WARN_UNDECLARED_SELECTOR = YES;
				GCC_WARN_UNINITIALIZED_AUTOS = YES_AGGRESSIVE;
				GCC_WARN_UNUSED_FUNCTION = YES;
				GCC_WARN_UNUSED_VARIABLE = YES;
				IPHONEOS_DEPLOYMENT_TARGET = 8.2;
				MTL_ENABLE_DEBUG_INFO = NO;
				SDKROOT = iphoneos;
				VALIDATE_PRODUCT = YES;
			};
			name = Release;
		};
		9CD51B4D1B18FC4600D4E66F /* Debug */ = {
			isa = XCBuildConfiguration;
			buildSettings = {
				ASSETCATALOG_COMPILER_APPICON_NAME = AppIcon;
				CLANG_ENABLE_MODULES = YES;
				INFOPLIST_FILE = SocialPlusv0/Info.plist;
				IPHONEOS_DEPLOYMENT_TARGET = 8.2;
				LD_RUNPATH_SEARCH_PATHS = "$(inherited) @executable_path/Frameworks";
				PRODUCT_BUNDLE_IDENTIFIER = "com.schema.$(PRODUCT_NAME:rfc1034identifier)";
				PRODUCT_NAME = "$(TARGET_NAME)";
				SWIFT_OBJC_BRIDGING_HEADER = "SocialPlusv0/SocialPlusv0-Bridging-Header.h";
				SWIFT_OPTIMIZATION_LEVEL = "-Onone";
				TARGETED_DEVICE_FAMILY = 1;
			};
			name = Debug;
		};
		9CD51B4E1B18FC4600D4E66F /* Release */ = {
			isa = XCBuildConfiguration;
			buildSettings = {
				ASSETCATALOG_COMPILER_APPICON_NAME = AppIcon;
				CLANG_ENABLE_MODULES = YES;
				INFOPLIST_FILE = SocialPlusv0/Info.plist;
				IPHONEOS_DEPLOYMENT_TARGET = 8.2;
				LD_RUNPATH_SEARCH_PATHS = "$(inherited) @executable_path/Frameworks";
				PRODUCT_BUNDLE_IDENTIFIER = "com.schema.$(PRODUCT_NAME:rfc1034identifier)";
				PRODUCT_NAME = "$(TARGET_NAME)";
				SWIFT_OBJC_BRIDGING_HEADER = "SocialPlusv0/SocialPlusv0-Bridging-Header.h";
				TARGETED_DEVICE_FAMILY = 1;
			};
			name = Release;
		};
		9CD51B501B18FC4600D4E66F /* Debug */ = {
			isa = XCBuildConfiguration;
			buildSettings = {
				BUNDLE_LOADER = "$(TEST_HOST)";
				FRAMEWORK_SEARCH_PATHS = (
					"$(SDKROOT)/Developer/Library/Frameworks",
					"$(inherited)",
				);
				GCC_PREPROCESSOR_DEFINITIONS = (
					"DEBUG=1",
					"$(inherited)",
				);
				INFOPLIST_FILE = SocialPlusv0Tests/Info.plist;
				LD_RUNPATH_SEARCH_PATHS = "$(inherited) @executable_path/Frameworks @loader_path/Frameworks";
				PRODUCT_BUNDLE_IDENTIFIER = "com.schema.$(PRODUCT_NAME:rfc1034identifier)";
				PRODUCT_NAME = "$(TARGET_NAME)";
				TEST_HOST = "$(BUILT_PRODUCTS_DIR)/SocialPlusv0.app/SocialPlusv0";
			};
			name = Debug;
		};
		9CD51B511B18FC4600D4E66F /* Release */ = {
			isa = XCBuildConfiguration;
			buildSettings = {
				BUNDLE_LOADER = "$(TEST_HOST)";
				FRAMEWORK_SEARCH_PATHS = (
					"$(SDKROOT)/Developer/Library/Frameworks",
					"$(inherited)",
				);
				INFOPLIST_FILE = SocialPlusv0Tests/Info.plist;
				LD_RUNPATH_SEARCH_PATHS = "$(inherited) @executable_path/Frameworks @loader_path/Frameworks";
				PRODUCT_BUNDLE_IDENTIFIER = "com.schema.$(PRODUCT_NAME:rfc1034identifier)";
				PRODUCT_NAME = "$(TARGET_NAME)";
				TEST_HOST = "$(BUILT_PRODUCTS_DIR)/SocialPlusv0.app/SocialPlusv0";
			};
			name = Release;
		};
/* End XCBuildConfiguration section */

/* Begin XCConfigurationList section */
		9CD51B281B18FC4600D4E66F /* Build configuration list for PBXProject "SocialPlusv0" */ = {
			isa = XCConfigurationList;
			buildConfigurations = (
				9CD51B4A1B18FC4600D4E66F /* Debug */,
				9CD51B4B1B18FC4600D4E66F /* Release */,
			);
			defaultConfigurationIsVisible = 0;
			defaultConfigurationName = Release;
		};
		9CD51B4C1B18FC4600D4E66F /* Build configuration list for PBXNativeTarget "SocialPlusv0" */ = {
			isa = XCConfigurationList;
			buildConfigurations = (
				9CD51B4D1B18FC4600D4E66F /* Debug */,
				9CD51B4E1B18FC4600D4E66F /* Release */,
			);
			defaultConfigurationIsVisible = 0;
			defaultConfigurationName = Release;
		};
		9CD51B4F1B18FC4600D4E66F /* Build configuration list for PBXNativeTarget "SocialPlusv0Tests" */ = {
			isa = XCConfigurationList;
			buildConfigurations = (
				9CD51B501B18FC4600D4E66F /* Debug */,
				9CD51B511B18FC4600D4E66F /* Release */,
			);
			defaultConfigurationIsVisible = 0;
			defaultConfigurationName = Release;
		};
/* End XCConfigurationList section */
	};
	rootObject = 9CD51B251B18FC4600D4E66F /* Project object */;
}
